
Microsoft Visual Studio Solution File, Format Version 12.00
# Visual Studio Version 16
VisualStudioVersion = 16.0.30204.135
MinimumVisualStudioVersion = 10.0.40219.1
Project("{FAE04EC0-301F-11D3-BF4B-00C04F79EFBC}") = "exceldoc", "exceldoc.csproj", "{A11A5D56-CC2A-456C-8640-C12205E4EE18}"
EndProject
Global
	GlobalSection(SolutionConfigurationPlatforms) = preSolution
		Debug|Any CPU = Debug|Any CPU
		Release|Any CPU = Release|Any CPU
	EndGlobalSection
	GlobalSection(ProjectConfigurationPlatforms) = postSolution
		{A11A5D56-CC2A-456C-8640-C12205E4EE18}.Debug|Any CPU.ActiveCfg = Debug|Any CPU
		{A11A5D56-CC2A-456C-8640-C12205E4EE18}.Debug|Any CPU.Build.0 = Debug|Any CPU
		{A11A5D56-CC2A-456C-8640-C12205E4EE18}.Release|Any CPU.ActiveCfg = Release|Any CPU
		{A11A5D56-CC2A-456C-8640-C12205E4EE18}.Release|Any CPU.Build.0 = Release|Any CPU
	EndGlobalSection
	GlobalSection(SolutionProperties) = preSolution
		HideSolutionNode = FALSE
	EndGlobalSection
	GlobalSection(ExtensibilityGlobals) = postSolution
		SolutionGuid = {741AB137-9793-4DF8-8247-194932D3F7C3}
	EndGlobalSection
EndGlobal
